
Microsoft Visual Studio Solution File, Format Version 12.00
# Visual Studio Version 16
VisualStudioVersion = 16.0.31321.278
MinimumVisualStudioVersion = 10.0.40219.1
Project("{FAE04EC0-301F-11D3-BF4B-00C04F79EFBC}") = "KarakasUniversity.Model", "KarakasUniversity.Model\KarakasUniversity.Model.csproj", "{D1EFADBA-14BA-41D7-8452-07768FB46BA3}"
EndProject
Project("{FAE04EC0-301F-11D3-BF4B-00C04F79EFBC}") = "KarakasUniversity.API", "KarakasUniversity.API\KarakasUniversity.API.csproj", "{C581E547-0202-4BB7-AC25-BEFCF686F96F}"
EndProject
Project("{FAE04EC0-301F-11D3-BF4B-00C04F79EFBC}") = "KarakasUniversity.Services", "KarakasUniversity.Services\KarakasUniversity.Services.csproj", "{803F1365-98D7-4A64-956B-158D13169545}"
EndProject
Project("{FAE04EC0-301F-11D3-BF4B-00C04F79EFBC}") = "KarakasUniversity.Tests", "KarakasUniversity.Tests\KarakasUniversity.Tests.csproj", "{CEC09BC8-FCB4-457B-9A69-E9C1CC353D1A}"
EndProject
Global
	GlobalSection(SolutionConfigurationPlatforms) = preSolution
		Debug|Any CPU = Debug|Any CPU
		Release|Any CPU = Release|Any CPU
	EndGlobalSection
	GlobalSection(ProjectConfigurationPlatforms) = postSolution
		{D1EFADBA-14BA-41D7-8452-07768FB46BA3}.Debug|Any CPU.ActiveCfg = Debug|Any CPU
		{D1EFADBA-14BA-41D7-8452-07768FB46BA3}.Debug|Any CPU.Build.0 = Debug|Any CPU
		{D1EFADBA-14BA-41D7-8452-07768FB46BA3}.Release|Any CPU.ActiveCfg = Release|Any CPU
		{D1EFADBA-14BA-41D7-8452-07768FB46BA3}.Release|Any CPU.Build.0 = Release|Any CPU
		{C581E547-0202-4BB7-AC25-BEFCF686F96F}.Debug|Any CPU.ActiveCfg = Debug|Any CPU
		{C581E547-0202-4BB7-AC25-BEFCF686F96F}.Debug|Any CPU.Build.0 = Debug|Any CPU
		{C581E547-0202-4BB7-AC25-BEFCF686F96F}.Release|Any CPU.ActiveCfg = Release|Any CPU
		{C581E547-0202-4BB7-AC25-BEFCF686F96F}.Release|Any CPU.Build.0 = Release|Any CPU
		{803F1365-98D7-4A64-956B-158D13169545}.Debug|Any CPU.ActiveCfg = Debug|Any CPU
		{803F1365-98D7-4A64-956B-158D13169545}.Debug|Any CPU.Build.0 = Debug|Any CPU
		{803F1365-98D7-4A64-956B-158D13169545}.Release|Any CPU.ActiveCfg = Release|Any CPU
		{803F1365-98D7-4A64-956B-158D13169545}.Release|Any CPU.Build.0 = Release|Any CPU
		{CEC09BC8-FCB4-457B-9A69-E9C1CC353D1A}.Debug|Any CPU.ActiveCfg = Debug|Any CPU
		{CEC09BC8-FCB4-457B-9A69-E9C1CC353D1A}.Debug|Any CPU.Build.0 = Debug|Any CPU
		{CEC09BC8-FCB4-457B-9A69-E9C1CC353D1A}.Release|Any CPU.ActiveCfg = Release|Any CPU
		{CEC09BC8-FCB4-457B-9A69-E9C1CC353D1A}.Release|Any CPU.Build.0 = Release|Any CPU
	EndGlobalSection
	GlobalSection(SolutionProperties) = preSolution
		HideSolutionNode = FALSE
	EndGlobalSection
	GlobalSection(ExtensibilityGlobals) = postSolution
		SolutionGuid = {92C8BC09-54AC-44B1-9C58-971D66CE6854}
	EndGlobalSection
EndGlobal
